// !$*UTF8*$!
{
	archiveVersion = 1;
	classes = {
	};
	objectVersion = 90;
	objects = {

/* Begin PBXBuildFile section */
		F85E69E22EBABF9200F187AB /* Testing.framework in Frameworks */ = {isa = PBXBuildFile; fileRef = F85E69E12EBABF9200F187AB /* Testing.framework */; };
/* End PBXBuildFile section */

/* Begin PBXContainerItemProxy section */
		F82259C82E84605B00840803 /* PBXContainerItemProxy */ = {
			isa = PBXContainerItemProxy;
			containerPortal = F8B44A1F2E4E254E00BD0920 /* Project object */;
			proxyType = 1;
			remoteGlobalIDString = F8B44A262E4E254E00BD0920;
			remoteInfo = NowThatIKnowMore;
		};
/* End PBXContainerItemProxy section */

/* Begin PBXFileReference section */
		F8127C542EB028FC0059160D /* RECIPE_IMPORT_SETUP.md */ = {isa = PBXFileReference; lastKnownFileType = net.daringfireball.markdown; path = RECIPE_IMPORT_SETUP.md; sourceTree = "<group>"; };
		F82259C42E84605B00840803 /* NowThatIKnowMoreTests.xctest */ = {isa = PBXFileReference; explicitFileType = wrapper.cfbundle; includeInIndex = 0; path = NowThatIKnowMoreTests.xctest; sourceTree = BUILT_PRODUCTS_DIR; };
		F85E69E12EBABF9200F187AB /* Testing.framework */ = {isa = PBXFileReference; lastKnownFileType = wrapper.framework; name = Testing.framework; path = Platforms/iPhoneOS.platform/Developer/Library/Frameworks/Testing.framework; sourceTree = DEVELOPER_DIR; };
		F8B44A272E4E254E00BD0920 /* NowThatIKnowMore.app */ = {isa = PBXFileReference; explicitFileType = wrapper.application; includeInIndex = 0; path = NowThatIKnowMore.app; sourceTree = BUILT_PRODUCTS_DIR; };
		F8EC9FF02E63AAD600211F03 /* Info.plist */ = {isa = PBXFileReference; lastKnownFileType = text.plist.xml; name = Info.plist; path = NowThatIKnowMore.xcodeproj/Info.plist; sourceTree = "<group>"; };
/* End PBXFileReference section */

/* Begin PBXFileSystemSynchronizedBuildFileExceptionSet section */
		F8048F7B2EBE9A5A0019D76C /* Exceptions for "Licensing" folder in "NowThatIKnowMore" target */ = {
			isa = PBXFileSystemSynchronizedBuildFileExceptionSet;
			membershipExceptions = (
				LICENSE_SYSTEM_IMPLEMENTATION.md,
			);
			target = F8B44A262E4E254E00BD0920 /* NowThatIKnowMore */;
		};
		F8211A802E848F8B00815127 /* Exceptions for "NowThatIKnowMore" folder in "NowThatIKnowMoreTests" target */ = {
			isa = PBXFileSystemSynchronizedBuildFileExceptionSet;
			membershipExceptions = (
				"Models/ModelsModelContainer+Configuration.swift",
				Models/ModelsRecipeBookModel.swift,
				Models/ModelsRecipeMediaModel.swift,
				Models/ModelsRecipeModel.swift,
				Models/ModelsRecipeNoteModel.swift,
				"Models/String+HTMLStripping.swift",
				Models/Welcome.swift,
				Observables/RecipeImportPreviewViewTests.swift,
				Views/GlossaryView.swift,
				Views/MediaGalleryView.swift,
				"Views/Recipe+Decoding.swift",
				Views/RecipeDetail.swift,
				Views/RecipeEditorView.swift,
				Views/RecipeImportPreviewView.swift,
				Views/RecipeMedia.swift,
			);
			target = F82259C32E84605B00840803 /* NowThatIKnowMoreTests */;
		};
		F828BF172EBFC0B400BD3BFE /* Exceptions for "SomeDocs" folder in "NowThatIKnowMore" target */ = {
			isa = PBXFileSystemSynchronizedBuildFileExceptionSet;
			membershipExceptions = (
				BUG_FIX_GROUPING.md,
				FINAL_INTEGRATION_SUMMARY.md,
				HELP_SYSTEM_SUMMARY.md,
				HELP_UI_VISUAL_GUIDE.md,
				HELP_VIEW_ENHANCEMENT.md,
				HELP_VIEW_PREVIEW.md,
				IMAGETOLIST_IMPROVEMENTS.md,
				IMPROVED_INGREDIENT_PARSING.md,
				INTEGRATION_GUIDE_FOR_NOWTHATIKNOWMORE.md,
				MEDIA_GALLERY_IMPLEMENTATION.md,
				"OCR_PARSE_DEBUGGING 2.md",
				OCR_PARSE_DEBUGGING.md,
				OCR_PARSE_FIX.md,
				QUICKSTART_NOWTHATIKNOWMORE.md,
				README_RECIPE_IMPORT.md,
				RECIPE_FLOW_DIAGRAM.md,
				RECIPE_IMAGE_PREFERENCE_GUIDE.md,
				RECIPE_IMPORT_IMPLEMENTATION.md,
				RECIPE_PARSER_ARCHITECTURE.md,
				RECIPE_SHARING_GUIDE.md,
				RecipeSharingGuide.md,
			);
			target = F8B44A262E4E254E00BD0920 /* NowThatIKnowMore */;
		};
		F8B253F82EBD0DC10091C8A0 /* Exceptions for "ImageParsing" folder in "NowThatIKnowMoreTests" target */ = {
			isa = PBXFileSystemSynchronizedBuildFileExceptionSet;
			membershipExceptions = (
				AdvancedRecipeImageParser.swift,
				ParsedRecipeAdapter.swift,
				RecipeImageParser.swift,
				RecipeImageParserView.swift,
			);
			target = F82259C32E84605B00840803 /* NowThatIKnowMoreTests */;
		};
		F8B2540E2EBD29E70091C8A0 /* Exceptions for "Licensing" folder in "NowThatIKnowMoreTests" target */ = {
			isa = PBXFileSystemSynchronizedBuildFileExceptionSet;
			membershipExceptions = (
				license.md,
			);
			target = F82259C32E84605B00840803 /* NowThatIKnowMoreTests */;
		};
		F8C68D852EBAC0E5005939E7 /* Exceptions for "NowThatIKnowMore" folder in "NowThatIKnowMore" target */ = {
			isa = PBXFileSystemSynchronizedBuildFileExceptionSet;
			membershipExceptions = (
				LAUNCH_SCREEN_APPICON_GUIDE.md,
				LICENSE_ARCHITECTURE_DIAGRAMS.md,
				LICENSE_COMPLETE_SUMMARY.md,
				LICENSE_IMPLEMENTATION_CHECKLIST.md,
				LICENSE_QUICK_REFERENCE.md,
				LICENSE_SYSTEM_SUMMARY.md,
				MIGRATION_GUIDE.md,
				Observables/RecipeImportPreviewViewTests.swift,
				README_SWIFTDATA.md,
				SWIFTDATA_ARCHITECTURE.md,
				SWIFTDATA_DATA_FLOW.md,
				Views/INSTRUCTIONS_DISPLAY_FIX.md,
			);
			target = F8B44A262E4E254E00BD0920 /* NowThatIKnowMore */;
		};
/* End PBXFileSystemSynchronizedBuildFileExceptionSet section */

/* Begin PBXFileSystemSynchronizedRootGroup section */
		F82259C52E84605B00840803 /* NowThatIKnowMoreTests */ = {
			isa = PBXFileSystemSynchronizedRootGroup;
			path = NowThatIKnowMoreTests;
			sourceTree = "<group>";
		};
		F827E8062EBC192A00353174 /* Licensing */ = {
			isa = PBXFileSystemSynchronizedRootGroup;
			exceptions = (
				F8048F7B2EBE9A5A0019D76C /* Exceptions for "Licensing" folder in "NowThatIKnowMore" target */,
				F8B2540E2EBD29E70091C8A0 /* Exceptions for "Licensing" folder in "NowThatIKnowMoreTests" target */,
			);
			path = Licensing;
			sourceTree = "<group>";
		};
		F828BF162EBFC0B400BD3BFE /* SomeDocs */ = {
			isa = PBXFileSystemSynchronizedRootGroup;
			exceptions = (
				F828BF172EBFC0B400BD3BFE /* Exceptions for "SomeDocs" folder in "NowThatIKnowMore" target */,
			);
			path = SomeDocs;
			sourceTree = "<group>";
		};
		F8B253E22EBD0DA70091C8A0 /* ImageParsing */ = {
			isa = PBXFileSystemSynchronizedRootGroup;
			exceptions = (
				F8B253F82EBD0DC10091C8A0 /* Exceptions for "ImageParsing" folder in "NowThatIKnowMoreTests" target */,
			);
			path = ImageParsing;
			sourceTree = "<group>";
		};
		F8B44A292E4E254E00BD0920 /* NowThatIKnowMore */ = {
			isa = PBXFileSystemSynchronizedRootGroup;
			exceptions = (
				F8C68D852EBAC0E5005939E7 /* Exceptions for "NowThatIKnowMore" folder in "NowThatIKnowMore" target */,
				F8211A802E848F8B00815127 /* Exceptions for "NowThatIKnowMore" folder in "NowThatIKnowMoreTests" target */,
			);
			path = NowThatIKnowMore;
			sourceTree = "<group>";
		};
/* End PBXFileSystemSynchronizedRootGroup section */

/* Begin PBXFrameworksBuildPhase section */
		F82259C12E84605B00840803 /* Frameworks */ = {
			isa = PBXFrameworksBuildPhase;
			files = (
				F85E69E22EBABF9200F187AB /* Testing.framework in Frameworks */,
			);
		};
		F8B44A242E4E254E00BD0920 /* Frameworks */ = {
			isa = PBXFrameworksBuildPhase;
			files = (
			);
		};
/* End PBXFrameworksBuildPhase section */

/* Begin PBXGroup section */
		F85E69E02EBABF9200F187AB /* Frameworks */ = {
			isa = PBXGroup;
			children = (
				F85E69E12EBABF9200F187AB /* Testing.framework */,
			);
			name = Frameworks;
			sourceTree = "<group>";
		};
		F8B44A1E2E4E254E00BD0920 = {
			isa = PBXGroup;
			children = (
				F828BF162EBFC0B400BD3BFE /* SomeDocs */,
				F8B253E22EBD0DA70091C8A0 /* ImageParsing */,
				F827E8062EBC192A00353174 /* Licensing */,
				F8EC9FF02E63AAD600211F03 /* Info.plist */,
				F8B44A292E4E254E00BD0920 /* NowThatIKnowMore */,
				F82259C52E84605B00840803 /* NowThatIKnowMoreTests */,
				F8B44A282E4E254E00BD0920 /* Products */,
				F8127C542EB028FC0059160D /* RECIPE_IMPORT_SETUP.md */,
				F85E69E02EBABF9200F187AB /* Frameworks */,
			);
			sourceTree = "<group>";
		};
		F8B44A282E4E254E00BD0920 /* Products */ = {
			isa = PBXGroup;
			children = (
				F8B44A272E4E254E00BD0920 /* NowThatIKnowMore.app */,
				F82259C42E84605B00840803 /* NowThatIKnowMoreTests.xctest */,
			);
			name = Products;
			sourceTree = "<group>";
		};
/* End PBXGroup section */

/* Begin PBXNativeTarget section */
		F82259C32E84605B00840803 /* NowThatIKnowMoreTests */ = {
			isa = PBXNativeTarget;
			buildConfigurationList = F82259CA2E84605B00840803 /* Build configuration list for PBXNativeTarget "NowThatIKnowMoreTests" */;
			buildPhases = (
				F82259C02E84605B00840803 /* Sources */,
				F82259C12E84605B00840803 /* Frameworks */,
				F82259C22E84605B00840803 /* Resources */,
			);
			buildRules = (
			);
			dependencies = (
				F82259C92E84605B00840803 /* PBXTargetDependency */,
			);
			fileSystemSynchronizedGroups = (
				F82259C52E84605B00840803 /* NowThatIKnowMoreTests */,
			);
			name = NowThatIKnowMoreTests;
			productName = NowThatIKnowMoreTests;
			productReference = F82259C42E84605B00840803 /* NowThatIKnowMoreTests.xctest */;
			productType = "com.apple.product-type.bundle.unit-test";
		};
		F8B44A262E4E254E00BD0920 /* NowThatIKnowMore */ = {
			isa = PBXNativeTarget;
			buildConfigurationList = F8B44A322E4E254F00BD0920 /* Build configuration list for PBXNativeTarget "NowThatIKnowMore" */;
			buildPhases = (
				F8B44A232E4E254E00BD0920 /* Sources */,
				F8B44A242E4E254E00BD0920 /* Frameworks */,
				F8B44A252E4E254E00BD0920 /* Resources */,
			);
			buildRules = (
			);
			fileSystemSynchronizedGroups = (
				F827E8062EBC192A00353174 /* Licensing */,
				F828BF162EBFC0B400BD3BFE /* SomeDocs */,
				F8B253E22EBD0DA70091C8A0 /* ImageParsing */,
				F8B44A292E4E254E00BD0920 /* NowThatIKnowMore */,
			);
			name = NowThatIKnowMore;
			productName = NowThatIKnowMore;
			productReference = F8B44A272E4E254E00BD0920 /* NowThatIKnowMore.app */;
			productType = "com.apple.product-type.application";
		};
/* End PBXNativeTarget section */

/* Begin PBXProject section */
		F8B44A1F2E4E254E00BD0920 /* Project object */ = {
			isa = PBXProject;
			attributes = {
				BuildIndependentTargetsInParallel = 1;
				LastSwiftUpdateCheck = 2600;
				LastUpgradeCheck = 2610;
				TargetAttributes = {
					F82259C32E84605B00840803 = {
						CreatedOnToolsVersion = 26.0;
						TestTargetID = F8B44A262E4E254E00BD0920;
					};
					F8B44A262E4E254E00BD0920 = {
						CreatedOnToolsVersion = 26.0;
					};
				};
			};
			buildConfigurationList = F8B44A222E4E254E00BD0920 /* Build configuration list for PBXProject "NowThatIKnowMore" */;
			developmentRegion = en;
			hasScannedForEncodings = 0;
			knownRegions = (
				en,
				Base,
			);
			mainGroup = F8B44A1E2E4E254E00BD0920;
			minimizedProjectReferenceProxies = 1;
			preferredProjectObjectVersion = 90;
			productRefGroup = F8B44A282E4E254E00BD0920 /* Products */;
			projectDirPath = "";
			projectRoot = "";
			targets = (
				F8B44A262E4E254E00BD0920 /* NowThatIKnowMore */,
				F82259C32E84605B00840803 /* NowThatIKnowMoreTests */,
			);
		};
/* End PBXProject section */

/* Begin PBXResourcesBuildPhase section */
		F82259C22E84605B00840803 /* Resources */ = {
			isa = PBXResourcesBuildPhase;
			files = (
			);
		};
		F8B44A252E4E254E00BD0920 /* Resources */ = {
			isa = PBXResourcesBuildPhase;
			files = (
			);
		};
/* End PBXResourcesBuildPhase section */

/* Begin PBXSourcesBuildPhase section */
		F82259C02E84605B00840803 /* Sources */ = {
			isa = PBXSourcesBuildPhase;
			files = (
			);
		};
		F8B44A232E4E254E00BD0920 /* Sources */ = {
			isa = PBXSourcesBuildPhase;
			files = (
			);
		};
/* End PBXSourcesBuildPhase section */

/* Begin PBXTargetDependency section */
		F82259C92E84605B00840803 /* PBXTargetDependency */ = {
			isa = PBXTargetDependency;
			target = F8B44A262E4E254E00BD0920 /* NowThatIKnowMore */;
			targetProxy = F82259C82E84605B00840803 /* PBXContainerItemProxy */;
		};
/* End PBXTargetDependency section */

/* Begin XCBuildConfiguration section */
		F82259CB2E84605B00840803 /* Debug configuration for PBXNativeTarget "NowThatIKnowMoreTests" */ = {
			isa = XCBuildConfiguration;
			buildSettings = {
				BUNDLE_LOADER = "$(TEST_HOST)";
				CODE_SIGN_STYLE = Automatic;
				CURRENT_PROJECT_VERSION = 1;
				DEVELOPMENT_TEAM = YKHW2TJ32G;
				GENERATE_INFOPLIST_FILE = YES;
				IPHONEOS_DEPLOYMENT_TARGET = 26.0;
				MARKETING_VERSION = 1.0;
				PRODUCT_BUNDLE_IDENTIFIER = com.headydiscy.NowThatIKnowMoreTests;
				PRODUCT_NAME = "$(TARGET_NAME)";
				SDKROOT = iphoneos;
				STRING_CATALOG_GENERATE_SYMBOLS = NO;
				SUPPORTED_PLATFORMS = "iphoneos iphonesimulator";
				SUPPORTS_MACCATALYST = NO;
				SUPPORTS_MAC_DESIGNED_FOR_IPHONE_IPAD = NO;
				SUPPORTS_XR_DESIGNED_FOR_IPHONE_IPAD = NO;
				SWIFT_APPROACHABLE_CONCURRENCY = YES;
				SWIFT_EMIT_LOC_STRINGS = NO;
				SWIFT_UPCOMING_FEATURE_MEMBER_IMPORT_VISIBILITY = YES;
				SWIFT_VERSION = 6.0;
				TARGETED_DEVICE_FAMILY = "1,2";
				TEST_HOST = "$(BUILT_PRODUCTS_DIR)/NowThatIKnowMore.app/$(BUNDLE_EXECUTABLE_FOLDER_PATH)/NowThatIKnowMore";
			};
			name = Debug;
		};
		F82259CC2E84605B00840803 /* Release configuration for PBXNativeTarget "NowThatIKnowMoreTests" */ = {
			isa = XCBuildConfiguration;
			buildSettings = {
				BUNDLE_LOADER = "$(TEST_HOST)";
				CODE_SIGN_STYLE = Automatic;
				CURRENT_PROJECT_VERSION = 1;
				DEVELOPMENT_TEAM = YKHW2TJ32G;
				GENERATE_INFOPLIST_FILE = YES;
				IPHONEOS_DEPLOYMENT_TARGET = 26.0;
				MARKETING_VERSION = 1.0;
				PRODUCT_BUNDLE_IDENTIFIER = com.headydiscy.NowThatIKnowMoreTests;
				PRODUCT_NAME = "$(TARGET_NAME)";
				SDKROOT = iphoneos;
				STRING_CATALOG_GENERATE_SYMBOLS = NO;
				SUPPORTED_PLATFORMS = "iphoneos iphonesimulator";
				SUPPORTS_MACCATALYST = NO;
				SUPPORTS_MAC_DESIGNED_FOR_IPHONE_IPAD = NO;
				SUPPORTS_XR_DESIGNED_FOR_IPHONE_IPAD = NO;
				SWIFT_APPROACHABLE_CONCURRENCY = YES;
				SWIFT_EMIT_LOC_STRINGS = NO;
				SWIFT_UPCOMING_FEATURE_MEMBER_IMPORT_VISIBILITY = YES;
				SWIFT_VERSION = 6.0;
				TARGETED_DEVICE_FAMILY = "1,2";
				TEST_HOST = "$(BUILT_PRODUCTS_DIR)/NowThatIKnowMore.app/$(BUNDLE_EXECUTABLE_FOLDER_PATH)/NowThatIKnowMore";
				VALIDATE_PRODUCT = YES;
			};
			name = Release;
		};
		F8B44A302E4E254F00BD0920 /* Debug configuration for PBXProject "NowThatIKnowMore" */ = {
			isa = XCBuildConfiguration;
			buildSettings = {
				ALWAYS_SEARCH_USER_PATHS = NO;
				ASSETCATALOG_COMPILER_GENERATE_SWIFT_ASSET_SYMBOL_EXTENSIONS = YES;
				CLANG_ANALYZER_NONNULL = YES;
				CLANG_ANALYZER_NUMBER_OBJECT_CONVERSION = YES_AGGRESSIVE;
				CLANG_CXX_LANGUAGE_STANDARD = "gnu++20";
				CLANG_ENABLE_MODULES = YES;
				CLANG_ENABLE_OBJC_ARC = YES;
				CLANG_ENABLE_OBJC_WEAK = YES;
				CLANG_WARN_BLOCK_CAPTURE_AUTORELEASING = YES;
				CLANG_WARN_BOOL_CONVERSION = YES;
				CLANG_WARN_COMMA = YES;
				CLANG_WARN_CONSTANT_CONVERSION = YES;
				CLANG_WARN_DEPRECATED_OBJC_IMPLEMENTATIONS = YES;
				CLANG_WARN_DIRECT_OBJC_ISA_USAGE = YES_ERROR;
				CLANG_WARN_DOCUMENTATION_COMMENTS = YES;
				CLANG_WARN_EMPTY_BODY = YES;
				CLANG_WARN_ENUM_CONVERSION = YES;
				CLANG_WARN_INFINITE_RECURSION = YES;
				CLANG_WARN_INT_CONVERSION = YES;
				CLANG_WARN_NON_LITERAL_NULL_CONVERSION = YES;
				CLANG_WARN_OBJC_IMPLICIT_RETAIN_SELF = YES;
				CLANG_WARN_OBJC_LITERAL_CONVERSION = YES;
				CLANG_WARN_OBJC_ROOT_CLASS = YES_ERROR;
				CLANG_WARN_QUOTED_INCLUDE_IN_FRAMEWORK_HEADER = YES;
				CLANG_WARN_RANGE_LOOP_ANALYSIS = YES;
				CLANG_WARN_STRICT_PROTOTYPES = YES;
				CLANG_WARN_SUSPICIOUS_MOVE = YES;
				CLANG_WARN_UNGUARDED_AVAILABILITY = YES_AGGRESSIVE;
				CLANG_WARN_UNREACHABLE_CODE = YES;
				CLANG_WARN__DUPLICATE_METHOD_MATCH = YES;
				COPY_PHASE_STRIP = NO;
				DEAD_CODE_STRIPPING = YES;
				DEBUG_INFORMATION_FORMAT = dwarf;
				DEVELOPMENT_TEAM = YKHW2TJ32G;
				ENABLE_STRICT_OBJC_MSGSEND = YES;
				ENABLE_TESTABILITY = YES;
				ENABLE_USER_SCRIPT_SANDBOXING = YES;
				GCC_C_LANGUAGE_STANDARD = gnu17;
				GCC_DYNAMIC_NO_PIC = NO;
				GCC_NO_COMMON_BLOCKS = YES;
				GCC_OPTIMIZATION_LEVEL = 0;
				GCC_PREPROCESSOR_DEFINITIONS = (
					"DEBUG=1",
					"$(inherited)",
				);
				GCC_WARN_64_TO_32_BIT_CONVERSION = YES;
				GCC_WARN_ABOUT_RETURN_TYPE = YES_ERROR;
				GCC_WARN_UNDECLARED_SELECTOR = YES;
				GCC_WARN_UNINITIALIZED_AUTOS = YES_AGGRESSIVE;
				GCC_WARN_UNUSED_FUNCTION = YES;
				GCC_WARN_UNUSED_VARIABLE = YES;
				LOCALIZATION_PREFERS_STRING_CATALOGS = YES;
				MTL_ENABLE_DEBUG_INFO = INCLUDE_SOURCE;
				MTL_FAST_MATH = YES;
				ONLY_ACTIVE_ARCH = YES;
				STRING_CATALOG_GENERATE_SYMBOLS = YES;
				SWIFT_ACTIVE_COMPILATION_CONDITIONS = "DEBUG $(inherited)";
				SWIFT_OPTIMIZATION_LEVEL = "-Onone";
				SWIFT_VERSION = 6.0;
			};
			name = Debug;
		};
		F8B44A312E4E254F00BD0920 /* Release configuration for PBXProject "NowThatIKnowMore" */ = {
			isa = XCBuildConfiguration;
			buildSettings = {
				ALWAYS_SEARCH_USER_PATHS = NO;
				ASSETCATALOG_COMPILER_GENERATE_SWIFT_ASSET_SYMBOL_EXTENSIONS = YES;
				CLANG_ANALYZER_NONNULL = YES;
				CLANG_ANALYZER_NUMBER_OBJECT_CONVERSION = YES_AGGRESSIVE;
				CLANG_CXX_LANGUAGE_STANDARD = "gnu++20";
				CLANG_ENABLE_MODULES = YES;
				CLANG_ENABLE_OBJC_ARC = YES;
				CLANG_ENABLE_OBJC_WEAK = YES;
				CLANG_WARN_BLOCK_CAPTURE_AUTORELEASING = YES;
				CLANG_WARN_BOOL_CONVERSION = YES;
				CLANG_WARN_COMMA = YES;
				CLANG_WARN_CONSTANT_CONVERSION = YES;
				CLANG_WARN_DEPRECATED_OBJC_IMPLEMENTATIONS = YES;
				CLANG_WARN_DIRECT_OBJC_ISA_USAGE = YES_ERROR;
				CLANG_WARN_DOCUMENTATION_COMMENTS = YES;
				CLANG_WARN_EMPTY_BODY = YES;
				CLANG_WARN_ENUM_CONVERSION = YES;
				CLANG_WARN_INFINITE_RECURSION = YES;
				CLANG_WARN_INT_CONVERSION = YES;
				CLANG_WARN_NON_LITERAL_NULL_CONVERSION = YES;
				CLANG_WARN_OBJC_IMPLICIT_RETAIN_SELF = YES;
				CLANG_WARN_OBJC_LITERAL_CONVERSION = YES;
				CLANG_WARN_OBJC_ROOT_CLASS = YES_ERROR;
				CLANG_WARN_QUOTED_INCLUDE_IN_FRAMEWORK_HEADER = YES;
				CLANG_WARN_RANGE_LOOP_ANALYSIS = YES;
				CLANG_WARN_STRICT_PROTOTYPES = YES;
				CLANG_WARN_SUSPICIOUS_MOVE = YES;
				CLANG_WARN_UNGUARDED_AVAILABILITY = YES_AGGRESSIVE;
				CLANG_WARN_UNREACHABLE_CODE = YES;
				CLANG_WARN__DUPLICATE_METHOD_MATCH = YES;
				COPY_PHASE_STRIP = NO;
				DEAD_CODE_STRIPPING = YES;
				DEBUG_INFORMATION_FORMAT = "dwarf-with-dsym";
				DEVELOPMENT_TEAM = YKHW2TJ32G;
				ENABLE_NS_ASSERTIONS = NO;
				ENABLE_STRICT_OBJC_MSGSEND = YES;
				ENABLE_USER_SCRIPT_SANDBOXING = YES;
				GCC_C_LANGUAGE_STANDARD = gnu17;
				GCC_NO_COMMON_BLOCKS = YES;
				GCC_WARN_64_TO_32_BIT_CONVERSION = YES;
				GCC_WARN_ABOUT_RETURN_TYPE = YES_ERROR;
				GCC_WARN_UNDECLARED_SELECTOR = YES;
				GCC_WARN_UNINITIALIZED_AUTOS = YES_AGGRESSIVE;
				GCC_WARN_UNUSED_FUNCTION = YES;
				GCC_WARN_UNUSED_VARIABLE = YES;
				LOCALIZATION_PREFERS_STRING_CATALOGS = YES;
				MTL_ENABLE_DEBUG_INFO = NO;
				MTL_FAST_MATH = YES;
				STRING_CATALOG_GENERATE_SYMBOLS = YES;
				SWIFT_COMPILATION_MODE = wholemodule;
				SWIFT_VERSION = 6.0;
			};
			name = Release;
		};
		F8B44A332E4E254F00BD0920 /* Debug configuration for PBXNativeTarget "NowThatIKnowMore" */ = {
			isa = XCBuildConfiguration;
			buildSettings = {
				ASSETCATALOG_COMPILER_APPICON_NAME = AppIcon;
				ASSETCATALOG_COMPILER_GLOBAL_ACCENT_COLOR_NAME = AccentColor;
				ASSETCATALOG_COMPILER_INCLUDE_ALL_APPICON_ASSETS = YES;
				CODE_SIGN_STYLE = Automatic;
				CURRENT_PROJECT_VERSION = 58;
				DEAD_CODE_STRIPPING = YES;
				DEVELOPMENT_TEAM = YKHW2TJ32G;
				ENABLE_APP_SANDBOX = YES;
				ENABLE_HARDENED_RUNTIME = YES;
				ENABLE_INCOMING_NETWORK_CONNECTIONS = NO;
				ENABLE_OUTGOING_NETWORK_CONNECTIONS = YES;
				ENABLE_PREVIEWS = YES;
				ENABLE_RESOURCE_ACCESS_AUDIO_INPUT = NO;
				ENABLE_RESOURCE_ACCESS_BLUETOOTH = NO;
				ENABLE_RESOURCE_ACCESS_CALENDARS = NO;
				ENABLE_RESOURCE_ACCESS_CAMERA = NO;
				ENABLE_RESOURCE_ACCESS_CONTACTS = NO;
				ENABLE_RESOURCE_ACCESS_LOCATION = NO;
				ENABLE_RESOURCE_ACCESS_PRINTING = NO;
				ENABLE_RESOURCE_ACCESS_USB = NO;
				ENABLE_USER_SELECTED_FILES = readonly;
				GENERATE_INFOPLIST_FILE = YES;
				INFOPLIST_KEY_CFBundleDisplayName = Recipes;
				INFOPLIST_KEY_ITSAppUsesNonExemptEncryption = NO;
				INFOPLIST_KEY_LSApplicationCategoryType = "public.app-category.food-and-drink";
				INFOPLIST_KEY_NSRemindersUsageDescription = "We need to see and add to the reminders to add items";
				"INFOPLIST_KEY_UIApplicationSceneManifest_Generation[sdk=iphoneos*]" = YES;
				"INFOPLIST_KEY_UIApplicationSceneManifest_Generation[sdk=iphonesimulator*]" = YES;
				"INFOPLIST_KEY_UIApplicationSupportsIndirectInputEvents[sdk=iphoneos*]" = YES;
				"INFOPLIST_KEY_UIApplicationSupportsIndirectInputEvents[sdk=iphonesimulator*]" = YES;
				"INFOPLIST_KEY_UILaunchScreen_Generation[sdk=iphoneos*]" = YES;
				"INFOPLIST_KEY_UILaunchScreen_Generation[sdk=iphonesimulator*]" = YES;
				"INFOPLIST_KEY_UIStatusBarStyle[sdk=iphoneos*]" = UIStatusBarStyleDefault;
				"INFOPLIST_KEY_UIStatusBarStyle[sdk=iphonesimulator*]" = UIStatusBarStyleDefault;
				INFOPLIST_KEY_UISupportedInterfaceOrientations_iPad = "UIInterfaceOrientationPortrait UIInterfaceOrientationPortraitUpsideDown UIInterfaceOrientationLandscapeLeft UIInterfaceOrientationLandscapeRight";
				INFOPLIST_KEY_UISupportedInterfaceOrientations_iPhone = "UIInterfaceOrientationPortrait UIInterfaceOrientationLandscapeLeft UIInterfaceOrientationLandscapeRight";
				IPHONEOS_DEPLOYMENT_TARGET = 26.0;
				LD_RUNPATH_SEARCH_PATHS = "@executable_path/Frameworks";
				"LD_RUNPATH_SEARCH_PATHS[sdk=macosx*]" = "@executable_path/../Frameworks";
				MACOSX_DEPLOYMENT_TARGET = 26.0;
				MARKETING_VERSION = 5.0;
				PRODUCT_BUNDLE_IDENTIFIER = com.headydiscy.NowThatIKnowMore;
				PRODUCT_NAME = "$(TARGET_NAME)";
				REGISTER_APP_GROUPS = YES;
				SDKROOT = auto;
				STRING_CATALOG_GENERATE_SYMBOLS = YES;
				SUPPORTED_PLATFORMS = "iphoneos iphonesimulator";
				SUPPORTS_MACCATALYST = NO;
				SWIFT_APPROACHABLE_CONCURRENCY = YES;
				SWIFT_DEFAULT_ACTOR_ISOLATION = MainActor;
				SWIFT_EMIT_LOC_STRINGS = YES;
				SWIFT_UPCOMING_FEATURE_MEMBER_IMPORT_VISIBILITY = YES;
				SWIFT_VERSION = 6.0;
				TARGETED_DEVICE_FAMILY = "1,2";
				XROS_DEPLOYMENT_TARGET = 26.0;
			};
			name = Debug;
		};
		F8B44A342E4E254F00BD0920 /* Release configuration for PBXNativeTarget "NowThatIKnowMore" */ = {
			isa = XCBuildConfiguration;
			buildSettings = {
				ASSETCATALOG_COMPILER_APPICON_NAME = AppIcon;
				ASSETCATALOG_COMPILER_GLOBAL_ACCENT_COLOR_NAME = AccentColor;
				ASSETCATALOG_COMPILER_INCLUDE_ALL_APPICON_ASSETS = YES;
				CODE_SIGN_STYLE = Automatic;
				CURRENT_PROJECT_VERSION = 58;
				DEAD_CODE_STRIPPING = YES;
				DEVELOPMENT_TEAM = YKHW2TJ32G;
				ENABLE_APP_SANDBOX = YES;
				ENABLE_HARDENED_RUNTIME = YES;
				ENABLE_INCOMING_NETWORK_CONNECTIONS = NO;
				ENABLE_OUTGOING_NETWORK_CONNECTIONS = YES;
				ENABLE_PREVIEWS = YES;
				ENABLE_RESOURCE_ACCESS_AUDIO_INPUT = NO;
				ENABLE_RESOURCE_ACCESS_BLUETOOTH = NO;
				ENABLE_RESOURCE_ACCESS_CALENDARS = NO;
				ENABLE_RESOURCE_ACCESS_CAMERA = NO;
				ENABLE_RESOURCE_ACCESS_CONTACTS = NO;
				ENABLE_RESOURCE_ACCESS_LOCATION = NO;
				ENABLE_RESOURCE_ACCESS_PRINTING = NO;
				ENABLE_RESOURCE_ACCESS_USB = NO;
				ENABLE_USER_SELECTED_FILES = readonly;
				GENERATE_INFOPLIST_FILE = YES;
				INFOPLIST_KEY_CFBundleDisplayName = Recipes;
				INFOPLIST_KEY_ITSAppUsesNonExemptEncryption = NO;
				INFOPLIST_KEY_LSApplicationCategoryType = "public.app-category.food-and-drink";
				INFOPLIST_KEY_NSRemindersUsageDescription = "We need to see and add to the reminders to add items";
				"INFOPLIST_KEY_UIApplicationSceneManifest_Generation[sdk=iphoneos*]" = YES;
				"INFOPLIST_KEY_UIApplicationSceneManifest_Generation[sdk=iphonesimulator*]" = YES;
				"INFOPLIST_KEY_UIApplicationSupportsIndirectInputEvents[sdk=iphoneos*]" = YES;
				"INFOPLIST_KEY_UIApplicationSupportsIndirectInputEvents[sdk=iphonesimulator*]" = YES;
				"INFOPLIST_KEY_UILaunchScreen_Generation[sdk=iphoneos*]" = YES;
				"INFOPLIST_KEY_UILaunchScreen_Generation[sdk=iphonesimulator*]" = YES;
				"INFOPLIST_KEY_UIStatusBarStyle[sdk=iphoneos*]" = UIStatusBarStyleDefault;
				"INFOPLIST_KEY_UIStatusBarStyle[sdk=iphonesimulator*]" = UIStatusBarStyleDefault;
				INFOPLIST_KEY_UISupportedInterfaceOrientations_iPad = "UIInterfaceOrientationPortrait UIInterfaceOrientationPortraitUpsideDown UIInterfaceOrientationLandscapeLeft UIInterfaceOrientationLandscapeRight";
				INFOPLIST_KEY_UISupportedInterfaceOrientations_iPhone = "UIInterfaceOrientationPortrait UIInterfaceOrientationLandscapeLeft UIInterfaceOrientationLandscapeRight";
				IPHONEOS_DEPLOYMENT_TARGET = 26.0;
				LD_RUNPATH_SEARCH_PATHS = "@executable_path/Frameworks";
				"LD_RUNPATH_SEARCH_PATHS[sdk=macosx*]" = "@executable_path/../Frameworks";
				MACOSX_DEPLOYMENT_TARGET = 26.0;
				MARKETING_VERSION = 5.0;
				PRODUCT_BUNDLE_IDENTIFIER = com.headydiscy.NowThatIKnowMore;
				PRODUCT_NAME = "$(TARGET_NAME)";
				REGISTER_APP_GROUPS = YES;
				SDKROOT = auto;
				STRING_CATALOG_GENERATE_SYMBOLS = YES;
				SUPPORTED_PLATFORMS = "iphoneos iphonesimulator";
				SUPPORTS_MACCATALYST = NO;
				SWIFT_APPROACHABLE_CONCURRENCY = YES;
				SWIFT_DEFAULT_ACTOR_ISOLATION = MainActor;
				SWIFT_EMIT_LOC_STRINGS = YES;
				SWIFT_UPCOMING_FEATURE_MEMBER_IMPORT_VISIBILITY = YES;
				SWIFT_VERSION = 6.0;
				TARGETED_DEVICE_FAMILY = "1,2";
				XROS_DEPLOYMENT_TARGET = 26.0;
			};
			name = Release;
		};
/* End XCBuildConfiguration section */

/* Begin XCConfigurationList section */
		F82259CA2E84605B00840803 /* Build configuration list for PBXNativeTarget "NowThatIKnowMoreTests" */ = {
			isa = XCConfigurationList;
			buildConfigurations = (
				F82259CB2E84605B00840803 /* Debug configuration for PBXNativeTarget "NowThatIKnowMoreTests" */,
				F82259CC2E84605B00840803 /* Release configuration for PBXNativeTarget "NowThatIKnowMoreTests" */,
			);
			defaultConfigurationName = Release;
		};
		F8B44A222E4E254E00BD0920 /* Build configuration list for PBXProject "NowThatIKnowMore" */ = {
			isa = XCConfigurationList;
			buildConfigurations = (
				F8B44A302E4E254F00BD0920 /* Debug configuration for PBXProject "NowThatIKnowMore" */,
				F8B44A312E4E254F00BD0920 /* Release configuration for PBXProject "NowThatIKnowMore" */,
			);
			defaultConfigurationName = Release;
		};
		F8B44A322E4E254F00BD0920 /* Build configuration list for PBXNativeTarget "NowThatIKnowMore" */ = {
			isa = XCConfigurationList;
			buildConfigurations = (
				F8B44A332E4E254F00BD0920 /* Debug configuration for PBXNativeTarget "NowThatIKnowMore" */,
				F8B44A342E4E254F00BD0920 /* Release configuration for PBXNativeTarget "NowThatIKnowMore" */,
			);
			defaultConfigurationName = Release;
		};
/* End XCConfigurationList section */
	};
	rootObject = F8B44A1F2E4E254E00BD0920 /* Project object */;
}
